{
  "name": "decimal-test",
  "version": "1.0.0",
  "lockfileVersion": 1,
  "requires": true,
  "dependencies": {
    "bignumber.js": {
      "version": "9.0.1",
      "resolved": "https://registry.npm.taobao.org/bignumber.js/download/bignumber.js-9.0.1.tgz",
      "integrity": "sha1-jXuhJMiCv9jkMmDGdHVRjQaJ5OU="
    },
    "decimal": {
      "version": "0.0.2",
      "resolved": "https://registry.nlark.com/decimal/download/decimal-0.0.2.tgz",
      "integrity": "sha1-GUPsUjaKD996NywsEM8fy8kbk+M="
    },
    "decimal.js": {
      "version": "10.3.1",
      "resolved": "https://registry.nlark.com/decimal.js/download/decimal.js-10.3.1.tgz",
      "integrity": "sha1-2MOkRKnGd0umDKatcmHDqU/V54M="
    }
  }
}
